
Microsoft Visual Studio Solution File, Format Version 12.00
# Visual Studio Version 16
VisualStudioVersion = 16.0.29215.179
MinimumVisualStudioVersion = 10.0.40219.1
Project("{FAE04EC0-301F-11D3-BF4B-00C04F79EFBC}") = "OccupationCyberBounty", "OccupationCyberBounty\OccupationCyberBounty.csproj", "{84136D23-56EE-4263-BB46-BFE0BAF43246}"
EndProject
Project("{FAE04EC0-301F-11D3-BF4B-00C04F79EFBC}") = "OccupationCyberBounty.Tests", "OccupationCyberBounty.Tests\OccupationCyberBounty.Tests.csproj", "{8A69D906-226A-4004-8C38-8B4589869F6E}"
EndProject
Global
	GlobalSection(SolutionConfigurationPlatforms) = preSolution
		Debug|Any CPU = Debug|Any CPU
		Release|Any CPU = Release|Any CPU
	EndGlobalSection
	GlobalSection(ProjectConfigurationPlatforms) = postSolution
		{84136D23-56EE-4263-BB46-BFE0BAF43246}.Debug|Any CPU.ActiveCfg = Debug|Any CPU
		{84136D23-56EE-4263-BB46-BFE0BAF43246}.Debug|Any CPU.Build.0 = Debug|Any CPU
		{84136D23-56EE-4263-BB46-BFE0BAF43246}.Release|Any CPU.ActiveCfg = Release|Any CPU
		{84136D23-56EE-4263-BB46-BFE0BAF43246}.Release|Any CPU.Build.0 = Release|Any CPU
		{8A69D906-226A-4004-8C38-8B4589869F6E}.Debug|Any CPU.ActiveCfg = Debug|Any CPU
		{8A69D906-226A-4004-8C38-8B4589869F6E}.Debug|Any CPU.Build.0 = Debug|Any CPU
		{8A69D906-226A-4004-8C38-8B4589869F6E}.Release|Any CPU.ActiveCfg = Release|Any CPU
		{8A69D906-226A-4004-8C38-8B4589869F6E}.Release|Any CPU.Build.0 = Release|Any CPU
	EndGlobalSection
	GlobalSection(SolutionProperties) = preSolution
		HideSolutionNode = FALSE
	EndGlobalSection
	GlobalSection(ExtensibilityGlobals) = postSolution
		SolutionGuid = {35FC16EB-9780-4120-80F2-C01497E7BA65}
	EndGlobalSection
EndGlobal
